# This is a Gradle generated file for dependency locking.
# Manual edits can break the build and are not advised.
# This file is expected to be part of source control.
dev.detekt:detekt-api:2.0.0-alpha.3=detekt
dev.detekt:detekt-cli:2.0.0-alpha.3=detekt
dev.detekt:detekt-core:2.0.0-alpha.3=detekt
dev.detekt:detekt-kotlin-analysis-api-standalone:2.0.0-alpha.3=detekt
dev.detekt:detekt-kotlin-analysis-api:2.0.0-alpha.3=detekt
dev.detekt:detekt-metrics:2.0.0-alpha.3=detekt
dev.detekt:detekt-parser:2.0.0-alpha.3=detekt
dev.detekt:detekt-psi-utils:2.0.0-alpha.3=detekt
dev.detekt:detekt-report-checkstyle:2.0.0-alpha.3=detekt
dev.detekt:detekt-report-html:2.0.0-alpha.3=detekt
dev.detekt:detekt-report-markdown:2.0.0-alpha.3=detekt
dev.detekt:detekt-report-sarif:2.0.0-alpha.3=detekt
dev.detekt:detekt-rules-comments:2.0.0-alpha.3=detekt
dev.detekt:detekt-rules-complexity:2.0.0-alpha.3=detekt
dev.detekt:detekt-rules-coroutines:2.0.0-alpha.3=detekt
dev.detekt:detekt-rules-empty-blocks:2.0.0-alpha.3=detekt
dev.detekt:detekt-rules-exceptions:2.0.0-alpha.3=detekt
dev.detekt:detekt-rules-naming:2.0.0-alpha.3=detekt
dev.detekt:detekt-rules-performance:2.0.0-alpha.3=detekt
dev.detekt:detekt-rules-potential-bugs:2.0.0-alpha.3=detekt
dev.detekt:detekt-rules-style:2.0.0-alpha.3=detekt
dev.detekt:detekt-rules:2.0.0-alpha.3=detekt
dev.detekt:detekt-tooling:2.0.0-alpha.3=detekt
dev.detekt:detekt-utils:2.0.0-alpha.3=detekt
dev.drewhamilton.poko:poko-annotations-jvm:0.22.0=detekt
dev.drewhamilton.poko:poko-annotations:0.22.0=detekt
io.github.detekt.sarif4k:sarif4k-jvm:0.6.0=detekt
io.github.detekt.sarif4k:sarif4k:0.6.0=detekt
org.jcommander:jcommander:1.85=detekt
org.jetbrains.kotlin:kotlin-compiler:2.3.21=detekt
org.jetbrains.kotlin:kotlin-reflect:2.3.21=detekt
org.jetbrains.kotlin:kotlin-script-runtime:2.3.21=detekt
org.jetbrains.kotlin:kotlin-stdlib-common:2.3.21=detekt
org.jetbrains.kotlin:kotlin-stdlib-jdk7:2.3.21=detekt
org.jetbrains.kotlin:kotlin-stdlib-jdk8:2.3.21=detekt
org.jetbrains.kotlin:kotlin-stdlib:2.3.21=detekt
org.jetbrains.kotlinx:kotlinx-coroutines-bom:1.8.0=detekt
org.jetbrains.kotlinx:kotlinx-coroutines-core-jvm:1.8.0=detekt
org.jetbrains.kotlinx:kotlinx-html-jvm:0.12.0=detekt
org.jetbrains.kotlinx:kotlinx-serialization-core-jvm:1.4.1=detekt
org.jetbrains.kotlinx:kotlinx-serialization-core:1.4.1=detekt
org.jetbrains.kotlinx:kotlinx-serialization-json-jvm:1.4.1=detekt
org.jetbrains.kotlinx:kotlinx-serialization-json:1.4.1=detekt
org.jetbrains:annotations:23.0.0=detekt
org.snakeyaml:snakeyaml-engine:2.10=detekt
empty=detektPlugins
